
Microsoft Visual Studio Solution File, Format Version 12.00
# Visual Studio Version 16
VisualStudioVersion = 16.0.29519.181
MinimumVisualStudioVersion = 10.0.40219.1
Project("{FAE04EC0-301F-11D3-BF4B-00C04F79EFBC}") = "NPWOD", "NPWOD\NPWOD.csproj", "{28445480-13D3-4220-9B11-26816B1919DD}"
EndProject
Global
	GlobalSection(SolutionConfigurationPlatforms) = preSolution
		Debug|Any CPU = Debug|Any CPU
		Release|Any CPU = Release|Any CPU
	EndGlobalSection
	GlobalSection(ProjectConfigurationPlatforms) = postSolution
		{28445480-13D3-4220-9B11-26816B1919DD}.Debug|Any CPU.ActiveCfg = Debug|Any CPU
		{28445480-13D3-4220-9B11-26816B1919DD}.Debug|Any CPU.Build.0 = Debug|Any CPU
		{28445480-13D3-4220-9B11-26816B1919DD}.Release|Any CPU.ActiveCfg = Release|Any CPU
		{28445480-13D3-4220-9B11-26816B1919DD}.Release|Any CPU.Build.0 = Release|Any CPU
	EndGlobalSection
	GlobalSection(SolutionProperties) = preSolution
		HideSolutionNode = FALSE
	EndGlobalSection
	GlobalSection(ExtensibilityGlobals) = postSolution
		SolutionGuid = {CC4475D1-D626-4640-989A-E573C5EDBC50}
	EndGlobalSection
EndGlobal
